
Microsoft Visual Studio Solution File, Format Version 12.00
# Visual Studio Version 17
VisualStudioVersion = 17.4.33213.308
MinimumVisualStudioVersion = 10.0.40219.1
Project("{FAE04EC0-301F-11D3-BF4B-00C04F79EFBC}") = "ArbolBinario", "ArbolBinario.csproj", "{089D3433-35DA-4CE2-B725-55B519D3071D}"
EndProject
Global
	GlobalSection(SolutionConfigurationPlatforms) = preSolution
		Debug|Any CPU = Debug|Any CPU
		Release|Any CPU = Release|Any CPU
	EndGlobalSection
	GlobalSection(ProjectConfigurationPlatforms) = postSolution
		{089D3433-35DA-4CE2-B725-55B519D3071D}.Debug|Any CPU.ActiveCfg = Debug|Any CPU
		{089D3433-35DA-4CE2-B725-55B519D3071D}.Debug|Any CPU.Build.0 = Debug|Any CPU
		{089D3433-35DA-4CE2-B725-55B519D3071D}.Release|Any CPU.ActiveCfg = Release|Any CPU
		{089D3433-35DA-4CE2-B725-55B519D3071D}.Release|Any CPU.Build.0 = Release|Any CPU
	EndGlobalSection
	GlobalSection(SolutionProperties) = preSolution
		HideSolutionNode = FALSE
	EndGlobalSection
	GlobalSection(ExtensibilityGlobals) = postSolution
		SolutionGuid = {DC2114E3-A4EC-4E08-A8BE-34F7F0506158}
	EndGlobalSection
EndGlobal
